
Microsoft Visual Studio Solution File, Format Version 12.00
# Visual Studio Version 17
VisualStudioVersion = 17.5.002.0
MinimumVisualStudioVersion = 10.0.40219.1
Project("{9A19103F-16F7-4668-BE54-9A1E7A4F7556}") = "SimplyTheBest", "SimplyTheBest\SimplyTheBest.csproj", "{5B1A4FEB-8FE6-4C7A-B9F6-ECC15D1BDD46}"
EndProject
Project("{2150E333-8FDC-42A3-9474-1A3956D46DE8}") = "SimplyTheBest (1)", "SimplyTheBest", "{2A34041B-1919-4F44-B67A-E918522CBB0B}"
EndProject
Project("{9A19103F-16F7-4668-BE54-9A1E7A4F7556}") = "functions", "SimplyTheBest\functions\functions.csproj", "{74C84A7A-2CBB-4FE1-BEA1-036EFF3EA175}"
EndProject
Global
	GlobalSection(SolutionConfigurationPlatforms) = preSolution
		Debug|Any CPU = Debug|Any CPU
		Release|Any CPU = Release|Any CPU
	EndGlobalSection
	GlobalSection(ProjectConfigurationPlatforms) = postSolution
		{5B1A4FEB-8FE6-4C7A-B9F6-ECC15D1BDD46}.Debug|Any CPU.ActiveCfg = Debug|Any CPU
		{5B1A4FEB-8FE6-4C7A-B9F6-ECC15D1BDD46}.Debug|Any CPU.Build.0 = Debug|Any CPU
		{5B1A4FEB-8FE6-4C7A-B9F6-ECC15D1BDD46}.Release|Any CPU.ActiveCfg = Release|Any CPU
		{5B1A4FEB-8FE6-4C7A-B9F6-ECC15D1BDD46}.Release|Any CPU.Build.0 = Release|Any CPU
		{74C84A7A-2CBB-4FE1-BEA1-036EFF3EA175}.Debug|Any CPU.ActiveCfg = Debug|Any CPU
		{74C84A7A-2CBB-4FE1-BEA1-036EFF3EA175}.Debug|Any CPU.Build.0 = Debug|Any CPU
		{74C84A7A-2CBB-4FE1-BEA1-036EFF3EA175}.Release|Any CPU.ActiveCfg = Release|Any CPU
		{74C84A7A-2CBB-4FE1-BEA1-036EFF3EA175}.Release|Any CPU.Build.0 = Release|Any CPU
	EndGlobalSection
	GlobalSection(SolutionProperties) = preSolution
		HideSolutionNode = FALSE
	EndGlobalSection
	GlobalSection(NestedProjects) = preSolution
		{74C84A7A-2CBB-4FE1-BEA1-036EFF3EA175} = {2A34041B-1919-4F44-B67A-E918522CBB0B}
	EndGlobalSection
	GlobalSection(ExtensibilityGlobals) = postSolution
		SolutionGuid = {77CD2128-BBF7-4117-AF0B-583890350B35}
	EndGlobalSection
EndGlobal
